Microsoft Visual Studio Solution File, Format Version 12.00
# Visual Studio Version 17
VisualStudioVersion = 17.5.2.0
MinimumVisualStudioVersion = 10.0.40219.1
Project("{FAE04EC0-301F-11D3-BF4B-00C04F79EFBC}") = "project-automation-functions", "project-automation-functions.csproj", "{AF83AEB0-5F21-3AD0-B8B4-AD78A35D128B}"
EndProject
Global
	GlobalSection(SolutionConfigurationPlatforms) = preSolution
		Debug|Any CPU = Debug|Any CPU
		Release|Any CPU = Release|Any CPU
	EndGlobalSection
	GlobalSection(ProjectConfigurationPlatforms) = postSolution
		{AF83AEB0-5F21-3AD0-B8B4-AD78A35D128B}.Debug|Any CPU.ActiveCfg = Debug|Any CPU
		{AF83AEB0-5F21-3AD0-B8B4-AD78A35D128B}.Debug|Any CPU.Build.0 = Debug|Any CPU
		{AF83AEB0-5F21-3AD0-B8B4-AD78A35D128B}.Release|Any CPU.ActiveCfg = Release|Any CPU
		{AF83AEB0-5F21-3AD0-B8B4-AD78A35D128B}.Release|Any CPU.Build.0 = Release|Any CPU
	EndGlobalSection
	GlobalSection(SolutionProperties) = preSolution
		HideSolutionNode = FALSE
	EndGlobalSection
	GlobalSection(ExtensibilityGlobals) = postSolution
		SolutionGuid = {D1AF4D7B-EA0F-49F4-8596-7C44C3D5C0EB}
	EndGlobalSection
EndGlobal
